
Microsoft Visual Studio Solution File, Format Version 12.00
# Visual Studio Version 17
VisualStudioVersion = 17.0.32112.339
MinimumVisualStudioVersion = 10.0.40219.1
Project("{FAE04EC0-301F-11D3-BF4B-00C04F79EFBC}") = "SnappTrip", "SnappTrip\SnappTrip.csproj", "{71CC5F03-9577-4492-B5A2-587219FB8283}"
EndProject
Project("{FAE04EC0-301F-11D3-BF4B-00C04F79EFBC}") = "SnappTrip.DataAccessLayer", "SnappTrip.DataAccessLayer\SnappTrip.DataAccessLayer.csproj", "{87BCCAD1-81F8-47BC-8138-BA833E5A78A7}"
EndProject
Project("{FAE04EC0-301F-11D3-BF4B-00C04F79EFBC}") = "SnappTrip.BusinessLayer", "SnappTrip.BusinessLayer\SnappTrip.BusinessLayer.csproj", "{1F776F98-866E-4D86-B97F-7CFFBC97F5DD}"
EndProject
Global
	GlobalSection(SolutionConfigurationPlatforms) = preSolution
		Debug|Any CPU = Debug|Any CPU
		Release|Any CPU = Release|Any CPU
	EndGlobalSection
	GlobalSection(ProjectConfigurationPlatforms) = postSolution
		{71CC5F03-9577-4492-B5A2-587219FB8283}.Debug|Any CPU.ActiveCfg = Debug|Any CPU
		{71CC5F03-9577-4492-B5A2-587219FB8283}.Debug|Any CPU.Build.0 = Debug|Any CPU
		{71CC5F03-9577-4492-B5A2-587219FB8283}.Release|Any CPU.ActiveCfg = Release|Any CPU
		{71CC5F03-9577-4492-B5A2-587219FB8283}.Release|Any CPU.Build.0 = Release|Any CPU
		{87BCCAD1-81F8-47BC-8138-BA833E5A78A7}.Debug|Any CPU.ActiveCfg = Debug|Any CPU
		{87BCCAD1-81F8-47BC-8138-BA833E5A78A7}.Debug|Any CPU.Build.0 = Debug|Any CPU
		{87BCCAD1-81F8-47BC-8138-BA833E5A78A7}.Release|Any CPU.ActiveCfg = Release|Any CPU
		{87BCCAD1-81F8-47BC-8138-BA833E5A78A7}.Release|Any CPU.Build.0 = Release|Any CPU
		{1F776F98-866E-4D86-B97F-7CFFBC97F5DD}.Debug|Any CPU.ActiveCfg = Debug|Any CPU
		{1F776F98-866E-4D86-B97F-7CFFBC97F5DD}.Debug|Any CPU.Build.0 = Debug|Any CPU
		{1F776F98-866E-4D86-B97F-7CFFBC97F5DD}.Release|Any CPU.ActiveCfg = Release|Any CPU
		{1F776F98-866E-4D86-B97F-7CFFBC97F5DD}.Release|Any CPU.Build.0 = Release|Any CPU
	EndGlobalSection
	GlobalSection(SolutionProperties) = preSolution
		HideSolutionNode = FALSE
	EndGlobalSection
	GlobalSection(ExtensibilityGlobals) = postSolution
		SolutionGuid = {221D961F-CAEA-40B9-AF18-18D47712F405}
	EndGlobalSection
EndGlobal
